{
    "_readme": [
        "This file locks the dependencies of your project to a known state",
        "Read more about it at https://getcomposer.org/doc/01-basic-usage.md#installing-dependencies",
        "This file is @generated automatically"
    ],
    "content-hash": "c55d77a823eda84dff68eeb498d6117b",
    "packages": [
        {
            "name": "lecodeurdudimanche/php-process-launcher",
            "version": "dev-master",
            "source": {
                "type": "git",
                "url": "https://github.com/LeCodeurDuDimanche/php-process-launcher.git",
                "reference": "433832d8e45bba31cd24d93a94685864bfe7d272"
            },
            "dist": {
                "type": "zip",
                "url": "https://api.github.com/repos/LeCodeurDuDimanche/php-process-launcher/zipball/433832d8e45bba31cd24d93a94685864bfe7d272",
                "reference": "433832d8e45bba31cd24d93a94685864bfe7d272",
                "shasum": ""
            },
            "require": {
                "php": ">7.2"
            },
            "default-branch": true,
            "type": "library",
            "autoload": {
                "psr-4": {
                    "lecodeurdudimanche\\Processes\\": "src/"
                }
            },
            "notification-url": "https://packagist.org/downloads/",
            "license": [
                "MIT"
            ],
            "authors": [
                {
                    "name": "Adrien Duval",
                    "email": "adrien.duval.bonnet@gmail.com"
                }
            ],
            "description": "Simple class to launch Unix processes through shell ; wrapper and utilities around proc_open() function",
            "support": {
                "issues": "https://github.com/LeCodeurDuDimanche/php-process-launcher/issues",
                "source": "https://github.com/LeCodeurDuDimanche/php-process-launcher/tree/master"
            },
            "time": "2020-12-20T17:52:09+00:00"
        },
        {
            "name": "lecodeurdudimanche/php-unix-streams",
            "version": "dev-master",
            "source": {
                "type": "git",
                "url": "https://github.com/LeCodeurDuDimanche/php-unix-streams.git",
                "reference": "2bfa039eea071ced4ebfde1057d80c1048cd1939"
            },
            "dist": {
                "type": "zip",
                "url": "https://api.github.com/repos/LeCodeurDuDimanche/php-unix-streams/zipball/2bfa039eea071ced4ebfde1057d80c1048cd1939",
                "reference": "2bfa039eea071ced4ebfde1057d80c1048cd1939",
                "shasum": ""
            },
            "require": {
                "php": ">7.2"
            },
            "default-branch": true,
            "type": "library",
            "autoload": {
                "psr-4": {
                    "lecodeurdudimanche\\UnixStream\\": "src/"
                }
            },
            "notification-url": "https://packagist.org/downloads/",
            "license": [
                "MIT"
            ],
            "authors": [
                {
                    "name": "Adrien Duval",
                    "email": "adrien.duval.bonnet@gmail.com"
                }
            ],
            "description": "(Very) simple library to communicate between two PHP scripts via Unix streams",
            "support": {
                "issues": "https://github.com/LeCodeurDuDimanche/php-unix-streams/issues",
                "source": "https://github.com/LeCodeurDuDimanche/php-unix-streams/tree/master"
            },
            "time": "2020-09-07T15:21:06+00:00"
        }
    ],
    "packages-dev": [],
    "aliases": [],
    "minimum-stability": "stable",
    "stability-flags": {
        "lecodeurdudimanche/php-unix-streams": 20,
        "lecodeurdudimanche/php-process-launcher": 20
    },
    "prefer-stable": false,
    "prefer-lowest": false,
    "platform": {
        "php": ">7.2"
    },
    "platform-dev": [],
    "plugin-api-version": "2.0.0"
}
